
Microsoft Visual Studio Solution File, Format Version 12.00
# Visual Studio Version 17
VisualStudioVersion = 17.4.33213.308
MinimumVisualStudioVersion = 10.0.40219.1
Project("{FAE04EC0-301F-11D3-BF4B-00C04F79EFBC}") = "WpfApp1", "WpfApp1.csproj", "{F86BB559-DB39-49D6-9B70-581E26E8B104}"
EndProject
Global
	GlobalSection(SolutionConfigurationPlatforms) = preSolution
		Debug|Any CPU = Debug|Any CPU
		Release|Any CPU = Release|Any CPU
	EndGlobalSection
	GlobalSection(ProjectConfigurationPlatforms) = postSolution
		{F86BB559-DB39-49D6-9B70-581E26E8B104}.Debug|Any CPU.ActiveCfg = Debug|Any CPU
		{F86BB559-DB39-49D6-9B70-581E26E8B104}.Debug|Any CPU.Build.0 = Debug|Any CPU
		{F86BB559-DB39-49D6-9B70-581E26E8B104}.Release|Any CPU.ActiveCfg = Release|Any CPU
		{F86BB559-DB39-49D6-9B70-581E26E8B104}.Release|Any CPU.Build.0 = Release|Any CPU
	EndGlobalSection
	GlobalSection(SolutionProperties) = preSolution
		HideSolutionNode = FALSE
	EndGlobalSection
	GlobalSection(ExtensibilityGlobals) = postSolution
		SolutionGuid = {C2D45D9D-1DA8-4AC2-98E3-DA68685FE0F1}
	EndGlobalSection
EndGlobal
